
Microsoft Visual Studio Solution File, Format Version 12.00
# Visual Studio 15
VisualStudioVersion = 15.0.26228.4
MinimumVisualStudioVersion = 10.0.40219.1
Project("{FAE04EC0-301F-11D3-BF4B-00C04F79EFBC}") = "DroneLander.Android", "DroneLander\DroneLander.Android\DroneLander.Android.csproj", "{2F54EDE7-FFA7-4E45-8250-B9F6220AADBE}"
EndProject
Project("{FAE04EC0-301F-11D3-BF4B-00C04F79EFBC}") = "DroneLander", "DroneLander\DroneLander\DroneLander.csproj", "{40959922-7475-4178-9D31-C580A5E7DECA}"
EndProject
Project("{FAE04EC0-301F-11D3-BF4B-00C04F79EFBC}") = "DroneLander.UWP", "DroneLander\DroneLander.UWP\DroneLander.UWP.csproj", "{C2999C2B-98E8-4EE0-9D17-E3628EEB4D56}"
EndProject
Project("{FAE04EC0-301F-11D3-BF4B-00C04F79EFBC}") = "DroneLander.iOS", "DroneLander\DroneLander.iOS\DroneLander.iOS.csproj", "{79DA9F79-ED3D-4BC5-A12B-89A437836D0B}"
EndProject
Global
	GlobalSection(SolutionConfigurationPlatforms) = preSolution
		Ad-Hoc|Any CPU = Ad-Hoc|Any CPU
		Ad-Hoc|ARM = Ad-Hoc|ARM
		Ad-Hoc|iPhone = Ad-Hoc|iPhone
		Ad-Hoc|iPhoneSimulator = Ad-Hoc|iPhoneSimulator
		Ad-Hoc|x64 = Ad-Hoc|x64
		Ad-Hoc|x86 = Ad-Hoc|x86
		AppStore|Any CPU = AppStore|Any CPU
		AppStore|ARM = AppStore|ARM
		AppStore|iPhone = AppStore|iPhone
		AppStore|iPhoneSimulator = AppStore|iPhoneSimulator
		AppStore|x64 = AppStore|x64
		AppStore|x86 = AppStore|x86
		Debug|Any CPU = Debug|Any CPU
		Debug|ARM = Debug|ARM
		Debug|iPhone = Debug|iPhone
		Debug|iPhoneSimulator = Debug|iPhoneSimulator
		Debug|x64 = Debug|x64
		Debug|x86 = Debug|x86
		Release|Any CPU = Release|Any CPU
		Release|ARM = Release|ARM
		Release|iPhone = Release|iPhone
		Release|iPhoneSimulator = Release|iPhoneSimulator
		Release|x64 = Release|x64
		Release|x86 = Release|x86
	EndGlobalSection
	GlobalSection(ProjectConfigurationPlatforms) = postSolution
		{2F54EDE7-FFA7-4E45-8250-B9F6220AADBE}.Ad-Hoc|Any CPU.ActiveCfg = Release|Any CPU
		{2F54EDE7-FFA7-4E45-8250-B9F6220AADBE}.Ad-Hoc|Any CPU.Build.0 = Release|Any CPU
		{2F54EDE7-FFA7-4E45-8250-B9F6220AADBE}.Ad-Hoc|Any CPU.Deploy.0 = Release|Any CPU
		{2F54EDE7-FFA7-4E45-8250-B9F6220AADBE}.Ad-Hoc|ARM.ActiveCfg = Release|Any CPU
		{2F54EDE7-FFA7-4E45-8250-B9F6220AADBE}.Ad-Hoc|ARM.Build.0 = Release|Any CPU
		{2F54EDE7-FFA7-4E45-8250-B9F6220AADBE}.Ad-Hoc|ARM.Deploy.0 = Release|Any CPU
		{2F54EDE7-FFA7-4E45-8250-B9F6220AADBE}.Ad-Hoc|iPhone.ActiveCfg = Release|Any CPU
		{2F54EDE7-FFA7-4E45-8250-B9F6220AADBE}.Ad-Hoc|iPhone.Build.0 = Release|Any CPU
		{2F54EDE7-FFA7-4E45-8250-B9F6220AADBE}.Ad-Hoc|iPhone.Deploy.0 = Release|Any CPU
		{2F54EDE7-FFA7-4E45-8250-B9F6220AADBE}.Ad-Hoc|iPhoneSimulator.ActiveCfg = Release|Any CPU
		{2F54EDE7-FFA7-4E45-8250-B9F6220AADBE}.Ad-Hoc|iPhoneSimulator.Build.0 = Release|Any CPU
		{2F54EDE7-FFA7-4E45-8250-B9F6220AADBE}.Ad-Hoc|iPhoneSimulator.Deploy.0 = Release|Any CPU
		{2F54EDE7-FFA7-4E45-8250-B9F6220AADBE}.Ad-Hoc|x64.ActiveCfg = Release|Any CPU
		{2F54EDE7-FFA7-4E45-8250-B9F6220AADBE}.Ad-Hoc|x64.Build.0 = Release|Any CPU
		{2F54EDE7-FFA7-4E45-8250-B9F6220AADBE}.Ad-Hoc|x64.Deploy.0 = Release|Any CPU
		{2F54EDE7-FFA7-4E45-8250-B9F6220AADBE}.Ad-Hoc|x86.ActiveCfg = Release|Any CPU
		{2F54EDE7-FFA7-4E45-8250-B9F6220AADBE}.Ad-Hoc|x86.Build.0 = Release|Any CPU
		{2F54EDE7-FFA7-4E45-8250-B9F6220AADBE}.Ad-Hoc|x86.Deploy.0 = Release|Any CPU
		{2F54EDE7-FFA7-4E45-8250-B9F6220AADBE}.AppStore|Any CPU.ActiveCfg = Release|Any CPU
		{2F54EDE7-FFA7-4E45-8250-B9F6220AADBE}.AppStore|Any CPU.Build.0 = Release|Any CPU
		{2F54EDE7-FFA7-4E45-8250-B9F6220AADBE}.AppStore|Any CPU.Deploy.0 = Release|Any CPU
		{2F54EDE7-FFA7-4E45-8250-B9F6220AADBE}.AppStore|ARM.ActiveCfg = Release|Any CPU
		{2F54EDE7-FFA7-4E45-8250-B9F6220AADBE}.AppStore|ARM.Build.0 = Release|Any CPU
		{2F54EDE7-FFA7-4E45-8250-B9F6220AADBE}.AppStore|ARM.Deploy.0 = Release|Any CPU
		{2F54EDE7-FFA7-4E45-8250-B9F6220AADBE}.AppStore|iPhone.ActiveCfg = Release|Any CPU
		{2F54EDE7-FFA7-4E45-8250-B9F6220AADBE}.AppStore|iPhone.Build.0 = Release|Any CPU
		{2F54EDE7-FFA7-4E45-8250-B9F6220AADBE}.AppStore|iPhone.Deploy.0 = Release|Any CPU
		{2F54EDE7-FFA7-4E45-8250-B9F6220AADBE}.AppStore|iPhoneSimulator.ActiveCfg = Release|Any CPU
		{2F54EDE7-FFA7-4E45-8250-B9F6220AADBE}.AppStore|iPhoneSimulator.Build.0 = Release|Any CPU
		{2F54EDE7-FFA7-4E45-8250-B9F6220AADBE}.AppStore|iPhoneSimulator.Deploy.0 = Release|Any CPU
		{2F54EDE7-FFA7-4E45-8250-B9F6220AADBE}.AppStore|x64.ActiveCfg = Release|Any CPU
		{2F54EDE7-FFA7-4E45-8250-B9F6220AADBE}.AppStore|x64.Build.0 = Release|Any CPU
		{2F54EDE7-FFA7-4E45-8250-B9F6220AADBE}.AppStore|x64.Deploy.0 = Release|Any CPU
		{2F54EDE7-FFA7-4E45-8250-B9F6220AADBE}.AppStore|x86.ActiveCfg = Release|Any CPU
		{2F54EDE7-FFA7-4E45-8250-B9F6220AADBE}.AppStore|x86.Build.0 = Release|Any CPU
		{2F54EDE7-FFA7-4E45-8250-B9F6220AADBE}.AppStore|x86.Deploy.0 = Release|Any CPU
		{2F54EDE7-FFA7-4E45-8250-B9F6220AADBE}.Debug|Any CPU.ActiveCfg = Debug|Any CPU
		{2F54EDE7-FFA7-4E45-8250-B9F6220AADBE}.Debug|Any CPU.Build.0 = Debug|Any CPU
		{2F54EDE7-FFA7-4E45-8250-B9F6220AADBE}.Debug|Any CPU.Deploy.0 = Debug|Any CPU
		{2F54EDE7-FFA7-4E45-8250-B9F6220AADBE}.Debug|ARM.ActiveCfg = Debug|Any CPU
		{2F54EDE7-FFA7-4E45-8250-B9F6220AADBE}.Debug|ARM.Build.0 = Debug|Any CPU
		{2F54EDE7-FFA7-4E45-8250-B9F6220AADBE}.Debug|ARM.Deploy.0 = Debug|Any CPU
		{2F54EDE7-FFA7-4E45-8250-B9F6220AADBE}.Debug|iPhone.ActiveCfg = Debug|Any CPU
		{2F54EDE7-FFA7-4E45-8250-B9F6220AADBE}.Debug|iPhone.Build.0 = Debug|Any CPU
		{2F54EDE7-FFA7-4E45-8250-B9F6220AADBE}.Debug|iPhone.Deploy.0 = Debug|Any CPU
		{2F54EDE7-FFA7-4E45-8250-B9F6220AADBE}.Debug|iPhoneSimulator.ActiveCfg = Debug|Any CPU
		{2F54EDE7-FFA7-4E45-8250-B9F6220AADBE}.Debug|iPhoneSimulator.Build.0 = Debug|Any CPU
		{2F54EDE7-FFA7-4E45-8250-B9F6220AADBE}.Debug|iPhoneSimulator.Deploy.0 = Debug|Any CPU
		{2F54EDE7-FFA7-4E45-8250-B9F6220AADBE}.Debug|x64.ActiveCfg = Debug|Any CPU
		{2F54EDE7-FFA7-4E45-8250-B9F6220AADBE}.Debug|x64.Build.0 = Debug|Any CPU
		{2F54EDE7-FFA7-4E45-8250-B9F6220AADBE}.Debug|x64.Deploy.0 = Debug|Any CPU
		{2F54EDE7-FFA7-4E45-8250-B9F6220AADBE}.Debug|x86.ActiveCfg = Debug|Any CPU
		{2F54EDE7-FFA7-4E45-8250-B9F6220AADBE}.Debug|x86.Build.0 = Debug|Any CPU
		{2F54EDE7-FFA7-4E45-8250-B9F6220AADBE}.Debug|x86.Deploy.0 = Debug|Any CPU
		{2F54EDE7-FFA7-4E45-8250-B9F6220AADBE}.Release|Any CPU.ActiveCfg = Release|Any CPU
		{2F54EDE7-FFA7-4E45-8250-B9F6220AADBE}.Release|Any CPU.Build.0 = Release|Any CPU
		{2F54EDE7-FFA7-4E45-8250-B9F6220AADBE}.Release|Any CPU.Deploy.0 = Release|Any CPU
		{2F54EDE7-FFA7-4E45-8250-B9F6220AADBE}.Release|ARM.ActiveCfg = Release|Any CPU
		{2F54EDE7-FFA7-4E45-8250-B9F6220AADBE}.Release|ARM.Build.0 = Release|Any CPU
		{2F54EDE7-FFA7-4E45-8250-B9F6220AADBE}.Release|ARM.Deploy.0 = Release|Any CPU
		{2F54EDE7-FFA7-4E45-8250-B9F6220AADBE}.Release|iPhone.ActiveCfg = Release|Any CPU
		{2F54EDE7-FFA7-4E45-8250-B9F6220AADBE}.Release|iPhone.Build.0 = Release|Any CPU
		{2F54EDE7-FFA7-4E45-8250-B9F6220AADBE}.Release|iPhone.Deploy.0 = Release|Any CPU
		{2F54EDE7-FFA7-4E45-8250-B9F6220AADBE}.Release|iPhoneSimulator.ActiveCfg = Release|Any CPU
		{2F54EDE7-FFA7-4E45-8250-B9F6220AADBE}.Release|iPhoneSimulator.Build.0 = Release|Any CPU
		{2F54EDE7-FFA7-4E45-8250-B9F6220AADBE}.Release|iPhoneSimulator.Deploy.0 = Release|Any CPU
		{2F54EDE7-FFA7-4E45-8250-B9F6220AADBE}.Release|x64.ActiveCfg = Release|Any CPU
		{2F54EDE7-FFA7-4E45-8250-B9F6220AADBE}.Release|x64.Build.0 = Release|Any CPU
		{2F54EDE7-FFA7-4E45-8250-B9F6220AADBE}.Release|x64.Deploy.0 = Release|Any CPU
		{2F54EDE7-FFA7-4E45-8250-B9F6220AADBE}.Release|x86.ActiveCfg = Release|Any CPU
		{2F54EDE7-FFA7-4E45-8250-B9F6220AADBE}.Release|x86.Build.0 = Release|Any CPU
		{2F54EDE7-FFA7-4E45-8250-B9F6220AADBE}.Release|x86.Deploy.0 = Release|Any CPU
		{40959922-7475-4178-9D31-C580A5E7DECA}.Ad-Hoc|Any CPU.ActiveCfg = Release|Any CPU
		{40959922-7475-4178-9D31-C580A5E7DECA}.Ad-Hoc|Any CPU.Build.0 = Release|Any CPU
		{40959922-7475-4178-9D31-C580A5E7DECA}.Ad-Hoc|ARM.ActiveCfg = Release|Any CPU
		{40959922-7475-4178-9D31-C580A5E7DECA}.Ad-Hoc|ARM.Build.0 = Release|Any CPU
		{40959922-7475-4178-9D31-C580A5E7DECA}.Ad-Hoc|iPhone.ActiveCfg = Release|Any CPU
		{40959922-7475-4178-9D31-C580A5E7DECA}.Ad-Hoc|iPhone.Build.0 = Release|Any CPU
		{40959922-7475-4178-9D31-C580A5E7DECA}.Ad-Hoc|iPhoneSimulator.ActiveCfg = Release|Any CPU
		{40959922-7475-4178-9D31-C580A5E7DECA}.Ad-Hoc|iPhoneSimulator.Build.0 = Release|Any CPU
		{40959922-7475-4178-9D31-C580A5E7DECA}.Ad-Hoc|x64.ActiveCfg = Release|Any CPU
		{40959922-7475-4178-9D31-C580A5E7DECA}.Ad-Hoc|x64.Build.0 = Release|Any CPU
		{40959922-7475-4178-9D31-C580A5E7DECA}.Ad-Hoc|x86.ActiveCfg = Release|Any CPU
		{40959922-7475-4178-9D31-C580A5E7DECA}.Ad-Hoc|x86.Build.0 = Release|Any CPU
		{40959922-7475-4178-9D31-C580A5E7DECA}.AppStore|Any CPU.ActiveCfg = Release|Any CPU
		{40959922-7475-4178-9D31-C580A5E7DECA}.AppStore|Any CPU.Build.0 = Release|Any CPU
		{40959922-7475-4178-9D31-C580A5E7DECA}.AppStore|ARM.ActiveCfg = Release|Any CPU
		{40959922-7475-4178-9D31-C580A5E7DECA}.AppStore|ARM.Build.0 = Release|Any CPU
		{40959922-7475-4178-9D31-C580A5E7DECA}.AppStore|iPhone.ActiveCfg = Release|Any CPU
		{40959922-7475-4178-9D31-C580A5E7DECA}.AppStore|iPhone.Build.0 = Release|Any CPU
		{40959922-7475-4178-9D31-C580A5E7DECA}.AppStore|iPhoneSimulator.ActiveCfg = Release|Any CPU
		{40959922-7475-4178-9D31-C580A5E7DECA}.AppStore|iPhoneSimulator.Build.0 = Release|Any CPU
		{40959922-7475-4178-9D31-C580A5E7DECA}.AppStore|x64.ActiveCfg = Release|Any CPU
		{40959922-7475-4178-9D31-C580A5E7DECA}.AppStore|x64.Build.0 = Release|Any CPU
		{40959922-7475-4178-9D31-C580A5E7DECA}.AppStore|x86.ActiveCfg = Release|Any CPU
		{40959922-7475-4178-9D31-C580A5E7DECA}.AppStore|x86.Build.0 = Release|Any CPU
		{40959922-7475-4178-9D31-C580A5E7DECA}.Debug|Any CPU.ActiveCfg = Debug|Any CPU
		{40959922-7475-4178-9D31-C580A5E7DECA}.Debug|Any CPU.Build.0 = Debug|Any CPU
		{40959922-7475-4178-9D31-C580A5E7DECA}.Debug|ARM.ActiveCfg = Debug|Any CPU
		{40959922-7475-4178-9D31-C580A5E7DECA}.Debug|ARM.Build.0 = Debug|Any CPU
		{40959922-7475-4178-9D31-C580A5E7DECA}.Debug|iPhone.ActiveCfg = Debug|Any CPU
		{40959922-7475-4178-9D31-C580A5E7DECA}.Debug|iPhone.Build.0 = Debug|Any CPU
		{40959922-7475-4178-9D31-C580A5E7DECA}.Debug|iPhoneSimulator.ActiveCfg = Debug|Any CPU
		{40959922-7475-4178-9D31-C580A5E7DECA}.Debug|iPhoneSimulator.Build.0 = Debug|Any CPU
		{40959922-7475-4178-9D31-C580A5E7DECA}.Debug|x64.ActiveCfg = Debug|Any CPU
		{40959922-7475-4178-9D31-C580A5E7DECA}.Debug|x64.Build.0 = Debug|Any CPU
		{40959922-7475-4178-9D31-C580A5E7DECA}.Debug|x86.ActiveCfg = Debug|Any CPU
		{40959922-7475-4178-9D31-C580A5E7DECA}.Debug|x86.Build.0 = Debug|Any CPU
		{40959922-7475-4178-9D31-C580A5E7DECA}.Release|Any CPU.ActiveCfg = Release|Any CPU
		{40959922-7475-4178-9D31-C580A5E7DECA}.Release|Any CPU.Build.0 = Release|Any CPU
		{40959922-7475-4178-9D31-C580A5E7DECA}.Release|ARM.ActiveCfg = Release|Any CPU
		{40959922-7475-4178-9D31-C580A5E7DECA}.Release|ARM.Build.0 = Release|Any CPU
		{40959922-7475-4178-9D31-C580A5E7DECA}.Release|iPhone.ActiveCfg = Release|Any CPU
		{40959922-7475-4178-9D31-C580A5E7DECA}.Release|iPhone.Build.0 = Release|Any CPU
		{40959922-7475-4178-9D31-C580A5E7DECA}.Release|iPhoneSimulator.ActiveCfg = Release|Any CPU
		{40959922-7475-4178-9D31-C580A5E7DECA}.Release|iPhoneSimulator.Build.0 = Release|Any CPU
		{40959922-7475-4178-9D31-C580A5E7DECA}.Release|x64.ActiveCfg = Release|Any CPU
		{40959922-7475-4178-9D31-C580A5E7DECA}.Release|x64.Build.0 = Release|Any CPU
		{40959922-7475-4178-9D31-C580A5E7DECA}.Release|x86.ActiveCfg = Release|Any CPU
		{40959922-7475-4178-9D31-C580A5E7DECA}.Release|x86.Build.0 = Release|Any CPU
		{C2999C2B-98E8-4EE0-9D17-E3628EEB4D56}.Ad-Hoc|Any CPU.ActiveCfg = Release|x86
		{C2999C2B-98E8-4EE0-9D17-E3628EEB4D56}.Ad-Hoc|Any CPU.Build.0 = Release|x86
		{C2999C2B-98E8-4EE0-9D17-E3628EEB4D56}.Ad-Hoc|Any CPU.Deploy.0 = Release|x86
		{C2999C2B-98E8-4EE0-9D17-E3628EEB4D56}.Ad-Hoc|ARM.ActiveCfg = Release|ARM
		{C2999C2B-98E8-4EE0-9D17-E3628EEB4D56}.Ad-Hoc|ARM.Build.0 = Release|ARM
		{C2999C2B-98E8-4EE0-9D17-E3628EEB4D56}.Ad-Hoc|ARM.Deploy.0 = Release|ARM
		{C2999C2B-98E8-4EE0-9D17-E3628EEB4D56}.Ad-Hoc|iPhone.ActiveCfg = Release|x86
		{C2999C2B-98E8-4EE0-9D17-E3628EEB4D56}.Ad-Hoc|iPhone.Build.0 = Release|x86
		{C2999C2B-98E8-4EE0-9D17-E3628EEB4D56}.Ad-Hoc|iPhone.Deploy.0 = Release|x86
		{C2999C2B-98E8-4EE0-9D17-E3628EEB4D56}.Ad-Hoc|iPhoneSimulator.ActiveCfg = Release|x86
		{C2999C2B-98E8-4EE0-9D17-E3628EEB4D56}.Ad-Hoc|iPhoneSimulator.Build.0 = Release|x86
		{C2999C2B-98E8-4EE0-9D17-E3628EEB4D56}.Ad-Hoc|iPhoneSimulator.Deploy.0 = Release|x86
		{C2999C2B-98E8-4EE0-9D17-E3628EEB4D56}.Ad-Hoc|x64.ActiveCfg = Release|x64
		{C2999C2B-98E8-4EE0-9D17-E3628EEB4D56}.Ad-Hoc|x64.Build.0 = Release|x64
		{C2999C2B-98E8-4EE0-9D17-E3628EEB4D56}.Ad-Hoc|x64.Deploy.0 = Release|x64
		{C2999C2B-98E8-4EE0-9D17-E3628EEB4D56}.Ad-Hoc|x86.ActiveCfg = Release|x86
		{C2999C2B-98E8-4EE0-9D17-E3628EEB4D56}.Ad-Hoc|x86.Build.0 = Release|x86
		{C2999C2B-98E8-4EE0-9D17-E3628EEB4D56}.Ad-Hoc|x86.Deploy.0 = Release|x86
		{C2999C2B-98E8-4EE0-9D17-E3628EEB4D56}.AppStore|Any CPU.ActiveCfg = Release|x86
		{C2999C2B-98E8-4EE0-9D17-E3628EEB4D56}.AppStore|Any CPU.Build.0 = Release|x86
		{C2999C2B-98E8-4EE0-9D17-E3628EEB4D56}.AppStore|Any CPU.Deploy.0 = Release|x86
		{C2999C2B-98E8-4EE0-9D17-E3628EEB4D56}.AppStore|ARM.ActiveCfg = Release|ARM
		{C2999C2B-98E8-4EE0-9D17-E3628EEB4D56}.AppStore|ARM.Build.0 = Release|ARM
		{C2999C2B-98E8-4EE0-9D17-E3628EEB4D56}.AppStore|ARM.Deploy.0 = Release|ARM
		{C2999C2B-98E8-4EE0-9D17-E3628EEB4D56}.AppStore|iPhone.ActiveCfg = Release|x86
		{C2999C2B-98E8-4EE0-9D17-E3628EEB4D56}.AppStore|iPhone.Build.0 = Release|x86
		{C2999C2B-98E8-4EE0-9D17-E3628EEB4D56}.AppStore|iPhone.Deploy.0 = Release|x86
		{C2999C2B-98E8-4EE0-9D17-E3628EEB4D56}.AppStore|iPhoneSimulator.ActiveCfg = Release|x86
		{C2999C2B-98E8-4EE0-9D17-E3628EEB4D56}.AppStore|iPhoneSimulator.Build.0 = Release|x86
		{C2999C2B-98E8-4EE0-9D17-E3628EEB4D56}.AppStore|iPhoneSimulator.Deploy.0 = Release|x86
		{C2999C2B-98E8-4EE0-9D17-E3628EEB4D56}.AppStore|x64.ActiveCfg = Release|x64
		{C2999C2B-98E8-4EE0-9D17-E3628EEB4D56}.AppStore|x64.Build.0 = Release|x64
		{C2999C2B-98E8-4EE0-9D17-E3628EEB4D56}.AppStore|x64.Deploy.0 = Release|x64
		{C2999C2B-98E8-4EE0-9D17-E3628EEB4D56}.AppStore|x86.ActiveCfg = Release|x86
		{C2999C2B-98E8-4EE0-9D17-E3628EEB4D56}.AppStore|x86.Build.0 = Release|x86
		{C2999C2B-98E8-4EE0-9D17-E3628EEB4D56}.AppStore|x86.Deploy.0 = Release|x86
		{C2999C2B-98E8-4EE0-9D17-E3628EEB4D56}.Debug|Any CPU.ActiveCfg = Debug|x86
		{C2999C2B-98E8-4EE0-9D17-E3628EEB4D56}.Debug|Any CPU.Build.0 = Debug|x86
		{C2999C2B-98E8-4EE0-9D17-E3628EEB4D56}.Debug|Any CPU.Deploy.0 = Debug|x86
		{C2999C2B-98E8-4EE0-9D17-E3628EEB4D56}.Debug|ARM.ActiveCfg = Debug|ARM
		{C2999C2B-98E8-4EE0-9D17-E3628EEB4D56}.Debug|ARM.Build.0 = Debug|ARM
		{C2999C2B-98E8-4EE0-9D17-E3628EEB4D56}.Debug|ARM.Deploy.0 = Debug|ARM
		{C2999C2B-98E8-4EE0-9D17-E3628EEB4D56}.Debug|iPhone.ActiveCfg = Debug|x86
		{C2999C2B-98E8-4EE0-9D17-E3628EEB4D56}.Debug|iPhoneSimulator.ActiveCfg = Debug|x86
		{C2999C2B-98E8-4EE0-9D17-E3628EEB4D56}.Debug|x64.ActiveCfg = Debug|x64
		{C2999C2B-98E8-4EE0-9D17-E3628EEB4D56}.Debug|x64.Build.0 = Debug|x64
		{C2999C2B-98E8-4EE0-9D17-E3628EEB4D56}.Debug|x64.Deploy.0 = Debug|x64
		{C2999C2B-98E8-4EE0-9D17-E3628EEB4D56}.Debug|x86.ActiveCfg = Debug|x86
		{C2999C2B-98E8-4EE0-9D17-E3628EEB4D56}.Debug|x86.Build.0 = Debug|x86
		{C2999C2B-98E8-4EE0-9D17-E3628EEB4D56}.Debug|x86.Deploy.0 = Debug|x86
		{C2999C2B-98E8-4EE0-9D17-E3628EEB4D56}.Release|Any CPU.ActiveCfg = Release|x86
		{C2999C2B-98E8-4EE0-9D17-E3628EEB4D56}.Release|ARM.ActiveCfg = Release|ARM
		{C2999C2B-98E8-4EE0-9D17-E3628EEB4D56}.Release|ARM.Build.0 = Release|ARM
		{C2999C2B-98E8-4EE0-9D17-E3628EEB4D56}.Release|ARM.Deploy.0 = Release|ARM
		{C2999C2B-98E8-4EE0-9D17-E3628EEB4D56}.Release|iPhone.ActiveCfg = Release|x86
		{C2999C2B-98E8-4EE0-9D17-E3628EEB4D56}.Release|iPhoneSimulator.ActiveCfg = Release|x86
		{C2999C2B-98E8-4EE0-9D17-E3628EEB4D56}.Release|x64.ActiveCfg = Release|x64
		{C2999C2B-98E8-4EE0-9D17-E3628EEB4D56}.Release|x64.Build.0 = Release|x64
		{C2999C2B-98E8-4EE0-9D17-E3628EEB4D56}.Release|x64.Deploy.0 = Release|x64
		{C2999C2B-98E8-4EE0-9D17-E3628EEB4D56}.Release|x86.ActiveCfg = Release|x86
		{C2999C2B-98E8-4EE0-9D17-E3628EEB4D56}.Release|x86.Build.0 = Release|x86
		{C2999C2B-98E8-4EE0-9D17-E3628EEB4D56}.Release|x86.Deploy.0 = Release|x86
		{79DA9F79-ED3D-4BC5-A12B-89A437836D0B}.Ad-Hoc|Any CPU.ActiveCfg = Ad-Hoc|iPhone
		{79DA9F79-ED3D-4BC5-A12B-89A437836D0B}.Ad-Hoc|ARM.ActiveCfg = Ad-Hoc|iPhone
		{79DA9F79-ED3D-4BC5-A12B-89A437836D0B}.Ad-Hoc|iPhone.ActiveCfg = Ad-Hoc|iPhone
		{79DA9F79-ED3D-4BC5-A12B-89A437836D0B}.Ad-Hoc|iPhone.Build.0 = Ad-Hoc|iPhone
		{79DA9F79-ED3D-4BC5-A12B-89A437836D0B}.Ad-Hoc|iPhoneSimulator.ActiveCfg = Ad-Hoc|iPhoneSimulator
		{79DA9F79-ED3D-4BC5-A12B-89A437836D0B}.Ad-Hoc|iPhoneSimulator.Build.0 = Ad-Hoc|iPhoneSimulator
		{79DA9F79-ED3D-4BC5-A12B-89A437836D0B}.Ad-Hoc|x64.ActiveCfg = Ad-Hoc|iPhone
		{79DA9F79-ED3D-4BC5-A12B-89A437836D0B}.Ad-Hoc|x86.ActiveCfg = Ad-Hoc|iPhone
		{79DA9F79-ED3D-4BC5-A12B-89A437836D0B}.AppStore|Any CPU.ActiveCfg = AppStore|iPhone
		{79DA9F79-ED3D-4BC5-A12B-89A437836D0B}.AppStore|ARM.ActiveCfg = AppStore|iPhone
		{79DA9F79-ED3D-4BC5-A12B-89A437836D0B}.AppStore|iPhone.ActiveCfg = AppStore|iPhone
		{79DA9F79-ED3D-4BC5-A12B-89A437836D0B}.AppStore|iPhone.Build.0 = AppStore|iPhone
		{79DA9F79-ED3D-4BC5-A12B-89A437836D0B}.AppStore|iPhoneSimulator.ActiveCfg = AppStore|iPhoneSimulator
		{79DA9F79-ED3D-4BC5-A12B-89A437836D0B}.AppStore|iPhoneSimulator.Build.0 = AppStore|iPhoneSimulator
		{79DA9F79-ED3D-4BC5-A12B-89A437836D0B}.AppStore|x64.ActiveCfg = AppStore|iPhone
		{79DA9F79-ED3D-4BC5-A12B-89A437836D0B}.AppStore|x86.ActiveCfg = AppStore|iPhone
		{79DA9F79-ED3D-4BC5-A12B-89A437836D0B}.Debug|Any CPU.ActiveCfg = Debug|iPhone
		{79DA9F79-ED3D-4BC5-A12B-89A437836D0B}.Debug|ARM.ActiveCfg = Debug|iPhone
		{79DA9F79-ED3D-4BC5-A12B-89A437836D0B}.Debug|iPhone.ActiveCfg = Debug|iPhone
		{79DA9F79-ED3D-4BC5-A12B-89A437836D0B}.Debug|iPhone.Build.0 = Debug|iPhone
		{79DA9F79-ED3D-4BC5-A12B-89A437836D0B}.Debug|iPhoneSimulator.ActiveCfg = Debug|iPhoneSimulator
		{79DA9F79-ED3D-4BC5-A12B-89A437836D0B}.Debug|iPhoneSimulator.Build.0 = Debug|iPhoneSimulator
		{79DA9F79-ED3D-4BC5-A12B-89A437836D0B}.Debug|x64.ActiveCfg = Debug|iPhone
		{79DA9F79-ED3D-4BC5-A12B-89A437836D0B}.Debug|x86.ActiveCfg = Debug|iPhone
		{79DA9F79-ED3D-4BC5-A12B-89A437836D0B}.Release|Any CPU.ActiveCfg = Release|iPhone
		{79DA9F79-ED3D-4BC5-A12B-89A437836D0B}.Release|ARM.ActiveCfg = Release|iPhone
		{79DA9F79-ED3D-4BC5-A12B-89A437836D0B}.Release|iPhone.ActiveCfg = Release|iPhone
		{79DA9F79-ED3D-4BC5-A12B-89A437836D0B}.Release|iPhone.Build.0 = Release|iPhone
		{79DA9F79-ED3D-4BC5-A12B-89A437836D0B}.Release|iPhoneSimulator.ActiveCfg = Release|iPhoneSimulator
		{79DA9F79-ED3D-4BC5-A12B-89A437836D0B}.Release|iPhoneSimulator.Build.0 = Release|iPhoneSimulator
		{79DA9F79-ED3D-4BC5-A12B-89A437836D0B}.Release|x64.ActiveCfg = Release|iPhone
		{79DA9F79-ED3D-4BC5-A12B-89A437836D0B}.Release|x86.ActiveCfg = Release|iPhone
	EndGlobalSection
	GlobalSection(SolutionProperties) = preSolution
		HideSolutionNode = FALSE
	EndGlobalSection
EndGlobal
